// !$*UTF8*$!
{
	archiveVersion = 1;
	classes = {
	};
	objectVersion = 56;
	objects = {

/* Begin PBXBuildFile section */
		B12E972A28EB64E600E569EE /* HomebaseTakeHomeApp.swift in Sources */ = {isa = PBXBuildFile; fileRef = B12E972928EB64E600E569EE /* HomebaseTakeHomeApp.swift */; };
		B12E972C28EB64E600E569EE /* ContentView.swift in Sources */ = {isa = PBXBuildFile; fileRef = B12E972B28EB64E600E569EE /* ContentView.swift */; };
		B12E972E28EB64E800E569EE /* Assets.xcassets in Resources */ = {isa = PBXBuildFile; fileRef = B12E972D28EB64E800E569EE /* Assets.xcassets */; };
		B12E973228EB64E800E569EE /* Preview Assets.xcassets in Resources */ = {isa = PBXBuildFile; fileRef = B12E973128EB64E800E569EE /* Preview Assets.xcassets */; };
		B12E973C28EB64E800E569EE /* HomebaseTakeHomeTests.swift in Sources */ = {isa = PBXBuildFile; fileRef = B12E973B28EB64E800E569EE /* HomebaseTakeHomeTests.swift */; };
		B12E974628EB64E800E569EE /* HomebaseTakeHomeUITests.swift in Sources */ = {isa = PBXBuildFile; fileRef = B12E974528EB64E800E569EE /* HomebaseTakeHomeUITests.swift */; };
		B12E974828EB64E800E569EE /* HomebaseTakeHomeUITestsLaunchTests.swift in Sources */ = {isa = PBXBuildFile; fileRef = B12E974728EB64E800E569EE /* HomebaseTakeHomeUITestsLaunchTests.swift */; };
		B12E975828EB657D00E569EE /* shifts.json in Resources */ = {isa = PBXBuildFile; fileRef = B12E975728EB657C00E569EE /* shifts.json */; };
		B12E975928EB657D00E569EE /* shifts.json in Resources */ = {isa = PBXBuildFile; fileRef = B12E975728EB657C00E569EE /* shifts.json */; };
		B12E975B28EB65EB00E569EE /* ShiftTest.swift in Sources */ = {isa = PBXBuildFile; fileRef = B12E975A28EB65EB00E569EE /* ShiftTest.swift */; };
		B12E975C28EB65EB00E569EE /* ShiftTest.swift in Sources */ = {isa = PBXBuildFile; fileRef = B12E975A28EB65EB00E569EE /* ShiftTest.swift */; };
		B12E975E28EB665300E569EE /* Shift.swift in Sources */ = {isa = PBXBuildFile; fileRef = B12E975D28EB665300E569EE /* Shift.swift */; };
		B12E975F28EB665300E569EE /* Shift.swift in Sources */ = {isa = PBXBuildFile; fileRef = B12E975D28EB665300E569EE /* Shift.swift */; };
		B12E976128EB670D00E569EE /* Shift.swift in Sources */ = {isa = PBXBuildFile; fileRef = B12E975D28EB665300E569EE /* Shift.swift */; };
		B12E976428EB6A0900E569EE /* Bundle-Decodable.swift in Sources */ = {isa = PBXBuildFile; fileRef = B12E976328EB6A0900E569EE /* Bundle-Decodable.swift */; };
		B12E976528EB6A0900E569EE /* Bundle-Decodable.swift in Sources */ = {isa = PBXBuildFile; fileRef = B12E976328EB6A0900E569EE /* Bundle-Decodable.swift */; };
		B12E976728EB769400E569EE /* CreateShiftFormView.swift in Sources */ = {isa = PBXBuildFile; fileRef = B12E976628EB769400E569EE /* CreateShiftFormView.swift */; };
		B12E976828EB769400E569EE /* CreateShiftFormView.swift in Sources */ = {isa = PBXBuildFile; fileRef = B12E976628EB769400E569EE /* CreateShiftFormView.swift */; };
		B12E976A28EB794A00E569EE /* NewShift.swift in Sources */ = {isa = PBXBuildFile; fileRef = B12E976928EB794A00E569EE /* NewShift.swift */; };
		B12E976B28EB794A00E569EE /* NewShift.swift in Sources */ = {isa = PBXBuildFile; fileRef = B12E976928EB794A00E569EE /* NewShift.swift */; };
		B12E976D28EB7A8F00E569EE /* Validator.swift in Sources */ = {isa = PBXBuildFile; fileRef = B12E976C28EB7A8F00E569EE /* Validator.swift */; };
		B12E976E28EB7A8F00E569EE /* Validator.swift in Sources */ = {isa = PBXBuildFile; fileRef = B12E976C28EB7A8F00E569EE /* Validator.swift */; };
		B12E977428EB823D00E569EE /* CustomDateFormatter.swift in Sources */ = {isa = PBXBuildFile; fileRef = B12E977328EB823D00E569EE /* CustomDateFormatter.swift */; };
		B12E977528EB823D00E569EE /* CustomDateFormatter.swift in Sources */ = {isa = PBXBuildFile; fileRef = B12E977328EB823D00E569EE /* CustomDateFormatter.swift */; };
		B12E977728EB88FE00E569EE /* CreateShiftFormViewTests.swift in Sources */ = {isa = PBXBuildFile; fileRef = B12E977628EB88FE00E569EE /* CreateShiftFormViewTests.swift */; };
/* End PBXBuildFile section */

/* Begin PBXContainerItemProxy section */
		B12E973828EB64E800E569EE /* PBXContainerItemProxy */ = {
			isa = PBXContainerItemProxy;
			containerPortal = B12E971E28EB64E600E569EE /* Project object */;
			proxyType = 1;
			remoteGlobalIDString = B12E972528EB64E600E569EE;
			remoteInfo = HomebaseTakeHome;
		};
		B12E974228EB64E800E569EE /* PBXContainerItemProxy */ = {
			isa = PBXContainerItemProxy;
			containerPortal = B12E971E28EB64E600E569EE /* Project object */;
			proxyType = 1;
			remoteGlobalIDString = B12E972528EB64E600E569EE;
			remoteInfo = HomebaseTakeHome;
		};
/* End PBXContainerItemProxy section */

/* Begin PBXFileReference section */
		B12E972628EB64E600E569EE /* HomebaseTakeHome.app */ = {isa = PBXFileReference; explicitFileType = wrapper.application; includeInIndex = 0; path = HomebaseTakeHome.app; sourceTree = BUILT_PRODUCTS_DIR; };
		B12E972928EB64E600E569EE /* HomebaseTakeHomeApp.swift */ = {isa = PBXFileReference; lastKnownFileType = sourcecode.swift; path = HomebaseTakeHomeApp.swift; sourceTree = "<group>"; };
		B12E972B28EB64E600E569EE /* ContentView.swift */ = {isa = PBXFileReference; lastKnownFileType = sourcecode.swift; path = ContentView.swift; sourceTree = "<group>"; };
		B12E972D28EB64E800E569EE /* Assets.xcassets */ = {isa = PBXFileReference; lastKnownFileType = folder.assetcatalog; path = Assets.xcassets; sourceTree = "<group>"; };
		B12E972F28EB64E800E569EE /* HomebaseTakeHome.entitlements */ = {isa = PBXFileReference; lastKnownFileType = text.plist.entitlements; path = HomebaseTakeHome.entitlements; sourceTree = "<group>"; };
		B12E973128EB64E800E569EE /* Preview Assets.xcassets */ = {isa = PBXFileReference; lastKnownFileType = folder.assetcatalog; path = "Preview Assets.xcassets"; sourceTree = "<group>"; };
		B12E973728EB64E800E569EE /* HomebaseTakeHomeTests.xctest */ = {isa = PBXFileReference; explicitFileType = wrapper.cfbundle; includeInIndex = 0; path = HomebaseTakeHomeTests.xctest; sourceTree = BUILT_PRODUCTS_DIR; };
		B12E973B28EB64E800E569EE /* HomebaseTakeHomeTests.swift */ = {isa = PBXFileReference; lastKnownFileType = sourcecode.swift; path = HomebaseTakeHomeTests.swift; sourceTree = "<group>"; };
		B12E974128EB64E800E569EE /* HomebaseTakeHomeUITests.xctest */ = {isa = PBXFileReference; explicitFileType = wrapper.cfbundle; includeInIndex = 0; path = HomebaseTakeHomeUITests.xctest; sourceTree = BUILT_PRODUCTS_DIR; };
		B12E974528EB64E800E569EE /* HomebaseTakeHomeUITests.swift */ = {isa = PBXFileReference; lastKnownFileType = sourcecode.swift; path = HomebaseTakeHomeUITests.swift; sourceTree = "<group>"; };
		B12E974728EB64E800E569EE /* HomebaseTakeHomeUITestsLaunchTests.swift */ = {isa = PBXFileReference; lastKnownFileType = sourcecode.swift; path = HomebaseTakeHomeUITestsLaunchTests.swift; sourceTree = "<group>"; };
		B12E975728EB657C00E569EE /* shifts.json */ = {isa = PBXFileReference; fileEncoding = 4; lastKnownFileType = text.json; path = shifts.json; sourceTree = "<group>"; };
		B12E975A28EB65EB00E569EE /* ShiftTest.swift */ = {isa = PBXFileReference; lastKnownFileType = sourcecode.swift; path = ShiftTest.swift; sourceTree = "<group>"; };
		B12E975D28EB665300E569EE /* Shift.swift */ = {isa = PBXFileReference; lastKnownFileType = sourcecode.swift; path = Shift.swift; sourceTree = "<group>"; };
		B12E976328EB6A0900E569EE /* Bundle-Decodable.swift */ = {isa = PBXFileReference; lastKnownFileType = sourcecode.swift; path = "Bundle-Decodable.swift"; sourceTree = "<group>"; };
		B12E976628EB769400E569EE /* CreateShiftFormView.swift */ = {isa = PBXFileReference; lastKnownFileType = sourcecode.swift; path = CreateShiftFormView.swift; sourceTree = "<group>"; };
		B12E976928EB794A00E569EE /* NewShift.swift */ = {isa = PBXFileReference; lastKnownFileType = sourcecode.swift; path = NewShift.swift; sourceTree = "<group>"; };
		B12E976C28EB7A8F00E569EE /* Validator.swift */ = {isa = PBXFileReference; lastKnownFileType = sourcecode.swift; path = Validator.swift; sourceTree = "<group>"; };
		B12E977328EB823D00E569EE /* CustomDateFormatter.swift */ = {isa = PBXFileReference; lastKnownFileType = sourcecode.swift; path = CustomDateFormatter.swift; sourceTree = "<group>"; };
		B12E977628EB88FE00E569EE /* CreateShiftFormViewTests.swift */ = {isa = PBXFileReference; lastKnownFileType = sourcecode.swift; path = CreateShiftFormViewTests.swift; sourceTree = "<group>"; };
/* End PBXFileReference section */

/* Begin PBXFrameworksBuildPhase section */
		B12E972328EB64E600E569EE /* Frameworks */ = {
			isa = PBXFrameworksBuildPhase;
			buildActionMask = 2147483647;
			files = (
			);
			runOnlyForDeploymentPostprocessing = 0;
		};
		B12E973428EB64E800E569EE /* Frameworks */ = {
			isa = PBXFrameworksBuildPhase;
			buildActionMask = 2147483647;
			files = (
			);
			runOnlyForDeploymentPostprocessing = 0;
		};
		B12E973E28EB64E800E569EE /* Frameworks */ = {
			isa = PBXFrameworksBuildPhase;
			buildActionMask = 2147483647;
			files = (
			);
			runOnlyForDeploymentPostprocessing = 0;
		};
/* End PBXFrameworksBuildPhase section */

/* Begin PBXGroup section */
		B12E971D28EB64E600E569EE = {
			isa = PBXGroup;
			children = (
				B12E976228EB69EF00E569EE /* Extensions */,
				B12E975628EB656200E569EE /* DataSource */,
				B12E975528EB655800E569EE /* Views */,
				B12E975428EB655100E569EE /* Models */,
				B12E972828EB64E600E569EE /* HomebaseTakeHome */,
				B12E973A28EB64E800E569EE /* HomebaseTakeHomeTests */,
				B12E974428EB64E800E569EE /* HomebaseTakeHomeUITests */,
				B12E972728EB64E600E569EE /* Products */,
			);
			sourceTree = "<group>";
		};
		B12E972728EB64E600E569EE /* Products */ = {
			isa = PBXGroup;
			children = (
				B12E972628EB64E600E569EE /* HomebaseTakeHome.app */,
				B12E973728EB64E800E569EE /* HomebaseTakeHomeTests.xctest */,
				B12E974128EB64E800E569EE /* HomebaseTakeHomeUITests.xctest */,
			);
			name = Products;
			sourceTree = "<group>";
		};
		B12E972828EB64E600E569EE /* HomebaseTakeHome */ = {
			isa = PBXGroup;
			children = (
				B12E972928EB64E600E569EE /* HomebaseTakeHomeApp.swift */,
				B12E972D28EB64E800E569EE /* Assets.xcassets */,
				B12E972F28EB64E800E569EE /* HomebaseTakeHome.entitlements */,
				B12E973028EB64E800E569EE /* Preview Content */,
			);
			path = HomebaseTakeHome;
			sourceTree = "<group>";
		};
		B12E973028EB64E800E569EE /* Preview Content */ = {
			isa = PBXGroup;
			children = (
				B12E973128EB64E800E569EE /* Preview Assets.xcassets */,
			);
			path = "Preview Content";
			sourceTree = "<group>";
		};
		B12E973A28EB64E800E569EE /* HomebaseTakeHomeTests */ = {
			isa = PBXGroup;
			children = (
				B12E973B28EB64E800E569EE /* HomebaseTakeHomeTests.swift */,
				B12E975A28EB65EB00E569EE /* ShiftTest.swift */,
			);
			path = HomebaseTakeHomeTests;
			sourceTree = "<group>";
		};
		B12E974428EB64E800E569EE /* HomebaseTakeHomeUITests */ = {
			isa = PBXGroup;
			children = (
				B12E974528EB64E800E569EE /* HomebaseTakeHomeUITests.swift */,
				B12E974728EB64E800E569EE /* HomebaseTakeHomeUITestsLaunchTests.swift */,
				B12E977628EB88FE00E569EE /* CreateShiftFormViewTests.swift */,
			);
			path = HomebaseTakeHomeUITests;
			sourceTree = "<group>";
		};
		B12E975428EB655100E569EE /* Models */ = {
			isa = PBXGroup;
			children = (
				B12E975D28EB665300E569EE /* Shift.swift */,
				B12E976928EB794A00E569EE /* NewShift.swift */,
			);
			path = Models;
			sourceTree = "<group>";
		};
		B12E975528EB655800E569EE /* Views */ = {
			isa = PBXGroup;
			children = (
				B12E972B28EB64E600E569EE /* ContentView.swift */,
				B12E976628EB769400E569EE /* CreateShiftFormView.swift */,
			);
			path = Views;
			sourceTree = "<group>";
		};
		B12E975628EB656200E569EE /* DataSource */ = {
			isa = PBXGroup;
			children = (
				B12E975728EB657C00E569EE /* shifts.json */,
			);
			path = DataSource;
			sourceTree = "<group>";
		};
		B12E976228EB69EF00E569EE /* Extensions */ = {
			isa = PBXGroup;
			children = (
				B12E976328EB6A0900E569EE /* Bundle-Decodable.swift */,
				B12E976C28EB7A8F00E569EE /* Validator.swift */,
				B12E977328EB823D00E569EE /* CustomDateFormatter.swift */,
			);
			path = Extensions;
			sourceTree = "<group>";
		};
/* End PBXGroup section */

/* Begin PBXNativeTarget section */
		B12E972528EB64E600E569EE /* HomebaseTakeHome */ = {
			isa = PBXNativeTarget;
			buildConfigurationList = B12E974B28EB64E800E569EE /* Build configuration list for PBXNativeTarget "HomebaseTakeHome" */;
			buildPhases = (
				B12E972228EB64E600E569EE /* Sources */,
				B12E972328EB64E600E569EE /* Frameworks */,
				B12E972428EB64E600E569EE /* Resources */,
			);
			buildRules = (
			);
			dependencies = (
			);
			name = HomebaseTakeHome;
			productName = HomebaseTakeHome;
			productReference = B12E972628EB64E600E569EE /* HomebaseTakeHome.app */;
			productType = "com.apple.product-type.application";
		};
		B12E973628EB64E800E569EE /* HomebaseTakeHomeTests */ = {
			isa = PBXNativeTarget;
			buildConfigurationList = B12E974E28EB64E800E569EE /* Build configuration list for PBXNativeTarget "HomebaseTakeHomeTests" */;
			buildPhases = (
				B12E973328EB64E800E569EE /* Sources */,
				B12E973428EB64E800E569EE /* Frameworks */,
				B12E973528EB64E800E569EE /* Resources */,
			);
			buildRules = (
			);
			dependencies = (
				B12E973928EB64E800E569EE /* PBXTargetDependency */,
			);
			name = HomebaseTakeHomeTests;
			productName = HomebaseTakeHomeTests;
			productReference = B12E973728EB64E800E569EE /* HomebaseTakeHomeTests.xctest */;
			productType = "com.apple.product-type.bundle.unit-test";
		};
		B12E974028EB64E800E569EE /* HomebaseTakeHomeUITests */ = {
			isa = PBXNativeTarget;
			buildConfigurationList = B12E975128EB64E800E569EE /* Build configuration list for PBXNativeTarget "HomebaseTakeHomeUITests" */;
			buildPhases = (
				B12E973D28EB64E800E569EE /* Sources */,
				B12E973E28EB64E800E569EE /* Frameworks */,
				B12E973F28EB64E800E569EE /* Resources */,
			);
			buildRules = (
			);
			dependencies = (
				B12E974328EB64E800E569EE /* PBXTargetDependency */,
			);
			name = HomebaseTakeHomeUITests;
			productName = HomebaseTakeHomeUITests;
			productReference = B12E974128EB64E800E569EE /* HomebaseTakeHomeUITests.xctest */;
			productType = "com.apple.product-type.bundle.ui-testing";
		};
/* End PBXNativeTarget section */

/* Begin PBXProject section */
		B12E971E28EB64E600E569EE /* Project object */ = {
			isa = PBXProject;
			attributes = {
				BuildIndependentTargetsInParallel = 1;
				LastSwiftUpdateCheck = 1400;
				LastUpgradeCheck = 1400;
				TargetAttributes = {
					B12E972528EB64E600E569EE = {
						CreatedOnToolsVersion = 14.0;
					};
					B12E973628EB64E800E569EE = {
						CreatedOnToolsVersion = 14.0;
						TestTargetID = B12E972528EB64E600E569EE;
					};
					B12E974028EB64E800E569EE = {
						CreatedOnToolsVersion = 14.0;
						TestTargetID = B12E972528EB64E600E569EE;
					};
				};
			};
			buildConfigurationList = B12E972128EB64E600E569EE /* Build configuration list for PBXProject "HomebaseTakeHome" */;
			compatibilityVersion = "Xcode 14.0";
			developmentRegion = en;
			hasScannedForEncodings = 0;
			knownRegions = (
				en,
				Base,
			);
			mainGroup = B12E971D28EB64E600E569EE;
			productRefGroup = B12E972728EB64E600E569EE /* Products */;
			projectDirPath = "";
			projectRoot = "";
			targets = (
				B12E972528EB64E600E569EE /* HomebaseTakeHome */,
				B12E973628EB64E800E569EE /* HomebaseTakeHomeTests */,
				B12E974028EB64E800E569EE /* HomebaseTakeHomeUITests */,
			);
		};
/* End PBXProject section */

/* Begin PBXResourcesBuildPhase section */
		B12E972428EB64E600E569EE /* Resources */ = {
			isa = PBXResourcesBuildPhase;
			buildActionMask = 2147483647;
			files = (
				B12E973228EB64E800E569EE /* Preview Assets.xcassets in Resources */,
				B12E972E28EB64E800E569EE /* Assets.xcassets in Resources */,
				B12E975828EB657D00E569EE /* shifts.json in Resources */,
			);
			runOnlyForDeploymentPostprocessing = 0;
		};
		B12E973528EB64E800E569EE /* Resources */ = {
			isa = PBXResourcesBuildPhase;
			buildActionMask = 2147483647;
			files = (
				B12E975928EB657D00E569EE /* shifts.json in Resources */,
			);
			runOnlyForDeploymentPostprocessing = 0;
		};
		B12E973F28EB64E800E569EE /* Resources */ = {
			isa = PBXResourcesBuildPhase;
			buildActionMask = 2147483647;
			files = (
			);
			runOnlyForDeploymentPostprocessing = 0;
		};
/* End PBXResourcesBuildPhase section */

/* Begin PBXSourcesBuildPhase section */
		B12E972228EB64E600E569EE /* Sources */ = {
			isa = PBXSourcesBuildPhase;
			buildActionMask = 2147483647;
			files = (
				B12E976728EB769400E569EE /* CreateShiftFormView.swift in Sources */,
				B12E977428EB823D00E569EE /* CustomDateFormatter.swift in Sources */,
				B12E972C28EB64E600E569EE /* ContentView.swift in Sources */,
				B12E975E28EB665300E569EE /* Shift.swift in Sources */,
				B12E976A28EB794A00E569EE /* NewShift.swift in Sources */,
				B12E976D28EB7A8F00E569EE /* Validator.swift in Sources */,
				B12E972A28EB64E600E569EE /* HomebaseTakeHomeApp.swift in Sources */,
				B12E976428EB6A0900E569EE /* Bundle-Decodable.swift in Sources */,
			);
			runOnlyForDeploymentPostprocessing = 0;
		};
		B12E973328EB64E800E569EE /* Sources */ = {
			isa = PBXSourcesBuildPhase;
			buildActionMask = 2147483647;
			files = (
				B12E975B28EB65EB00E569EE /* ShiftTest.swift in Sources */,
				B12E976B28EB794A00E569EE /* NewShift.swift in Sources */,
				B12E975F28EB665300E569EE /* Shift.swift in Sources */,
				B12E977528EB823D00E569EE /* CustomDateFormatter.swift in Sources */,
				B12E973C28EB64E800E569EE /* HomebaseTakeHomeTests.swift in Sources */,
				B12E976E28EB7A8F00E569EE /* Validator.swift in Sources */,
				B12E976528EB6A0900E569EE /* Bundle-Decodable.swift in Sources */,
			);
			runOnlyForDeploymentPostprocessing = 0;
		};
		B12E973D28EB64E800E569EE /* Sources */ = {
			isa = PBXSourcesBuildPhase;
			buildActionMask = 2147483647;
			files = (
				B12E976828EB769400E569EE /* CreateShiftFormView.swift in Sources */,
				B12E977728EB88FE00E569EE /* CreateShiftFormViewTests.swift in Sources */,
				B12E976128EB670D00E569EE /* Shift.swift in Sources */,
				B12E974828EB64E800E569EE /* HomebaseTakeHomeUITestsLaunchTests.swift in Sources */,
				B12E975C28EB65EB00E569EE /* ShiftTest.swift in Sources */,
				B12E974628EB64E800E569EE /* HomebaseTakeHomeUITests.swift in Sources */,
			);
			runOnlyForDeploymentPostprocessing = 0;
		};
/* End PBXSourcesBuildPhase section */

/* Begin PBXTargetDependency section */
		B12E973928EB64E800E569EE /* PBXTargetDependency */ = {
			isa = PBXTargetDependency;
			target = B12E972528EB64E600E569EE /* HomebaseTakeHome */;
			targetProxy = B12E973828EB64E800E569EE /* PBXContainerItemProxy */;
		};
		B12E974328EB64E800E569EE /* PBXTargetDependency */ = {
			isa = PBXTargetDependency;
			target = B12E972528EB64E600E569EE /* HomebaseTakeHome */;
			targetProxy = B12E974228EB64E800E569EE /* PBXContainerItemProxy */;
		};
/* End PBXTargetDependency section */

/* Begin XCBuildConfiguration section */
		B12E974928EB64E800E569EE /* Debug */ = {
			isa = XCBuildConfiguration;
			buildSettings = {
				ALWAYS_SEARCH_USER_PATHS = NO;
				CLANG_ANALYZER_NONNULL = YES;
				CLANG_ANALYZER_NUMBER_OBJECT_CONVERSION = YES_AGGRESSIVE;
				CLANG_CXX_LANGUAGE_STANDARD = "gnu++20";
				CLANG_ENABLE_MODULES = YES;
				CLANG_ENABLE_OBJC_ARC = YES;
				CLANG_ENABLE_OBJC_WEAK = YES;
				CLANG_WARN_BLOCK_CAPTURE_AUTORELEASING = YES;
				CLANG_WARN_BOOL_CONVERSION = YES;
				CLANG_WARN_COMMA = YES;
				CLANG_WARN_CONSTANT_CONVERSION = YES;
				CLANG_WARN_DEPRECATED_OBJC_IMPLEMENTATIONS = YES;
				CLANG_WARN_DIRECT_OBJC_ISA_USAGE = YES_ERROR;
				CLANG_WARN_DOCUMENTATION_COMMENTS = YES;
				CLANG_WARN_EMPTY_BODY = YES;
				CLANG_WARN_ENUM_CONVERSION = YES;
				CLANG_WARN_INFINITE_RECURSION = YES;
				CLANG_WARN_INT_CONVERSION = YES;
				CLANG_WARN_NON_LITERAL_NULL_CONVERSION = YES;
				CLANG_WARN_OBJC_IMPLICIT_RETAIN_SELF = YES;
				CLANG_WARN_OBJC_LITERAL_CONVERSION = YES;
				CLANG_WARN_OBJC_ROOT_CLASS = YES_ERROR;
				CLANG_WARN_QUOTED_INCLUDE_IN_FRAMEWORK_HEADER = YES;
				CLANG_WARN_RANGE_LOOP_ANALYSIS = YES;
				CLANG_WARN_STRICT_PROTOTYPES = YES;
				CLANG_WARN_SUSPICIOUS_MOVE = YES;
				CLANG_WARN_UNGUARDED_AVAILABILITY = YES_AGGRESSIVE;
				CLANG_WARN_UNREACHABLE_CODE = YES;
				CLANG_WARN__DUPLICATE_METHOD_MATCH = YES;
				COPY_PHASE_STRIP = NO;
				DEBUG_INFORMATION_FORMAT = dwarf;
				ENABLE_STRICT_OBJC_MSGSEND = YES;
				ENABLE_TESTABILITY = YES;
				GCC_C_LANGUAGE_STANDARD = gnu11;
				GCC_DYNAMIC_NO_PIC = NO;
				GCC_NO_COMMON_BLOCKS = YES;
				GCC_OPTIMIZATION_LEVEL = 0;
				GCC_PREPROCESSOR_DEFINITIONS = (
					"DEBUG=1",
					"$(inherited)",
				);
				GCC_WARN_64_TO_32_BIT_CONVERSION = YES;
				GCC_WARN_ABOUT_RETURN_TYPE = YES_ERROR;
				GCC_WARN_UNDECLARED_SELECTOR = YES;
				GCC_WARN_UNINITIALIZED_AUTOS = YES_AGGRESSIVE;
				GCC_WARN_UNUSED_FUNCTION = YES;
				GCC_WARN_UNUSED_VARIABLE = YES;
				MTL_ENABLE_DEBUG_INFO = INCLUDE_SOURCE;
				MTL_FAST_MATH = YES;
				ONLY_ACTIVE_ARCH = YES;
				SWIFT_ACTIVE_COMPILATION_CONDITIONS = DEBUG;
				SWIFT_OPTIMIZATION_LEVEL = "-Onone";
			};
			name = Debug;
		};
		B12E974A28EB64E800E569EE /* Release */ = {
			isa = XCBuildConfiguration;
			buildSettings = {
				ALWAYS_SEARCH_USER_PATHS = NO;
				CLANG_ANALYZER_NONNULL = YES;
				CLANG_ANALYZER_NUMBER_OBJECT_CONVERSION = YES_AGGRESSIVE;
				CLANG_CXX_LANGUAGE_STANDARD = "gnu++20";
				CLANG_ENABLE_MODULES = YES;
				CLANG_ENABLE_OBJC_ARC = YES;
				CLANG_ENABLE_OBJC_WEAK = YES;
				CLANG_WARN_BLOCK_CAPTURE_AUTORELEASING = YES;
				CLANG_WARN_BOOL_CONVERSION = YES;
				CLANG_WARN_COMMA = YES;
				CLANG_WARN_CONSTANT_CONVERSION = YES;
				CLANG_WARN_DEPRECATED_OBJC_IMPLEMENTATIONS = YES;
				CLANG_WARN_DIRECT_OBJC_ISA_USAGE = YES_ERROR;
				CLANG_WARN_DOCUMENTATION_COMMENTS = YES;
				CLANG_WARN_EMPTY_BODY = YES;
				CLANG_WARN_ENUM_CONVERSION = YES;
				CLANG_WARN_INFINITE_RECURSION = YES;
				CLANG_WARN_INT_CONVERSION = YES;
				CLANG_WARN_NON_LITERAL_NULL_CONVERSION = YES;
				CLANG_WARN_OBJC_IMPLICIT_RETAIN_SELF = YES;
				CLANG_WARN_OBJC_LITERAL_CONVERSION = YES;
				CLANG_WARN_OBJC_ROOT_CLASS = YES_ERROR;
				CLANG_WARN_QUOTED_INCLUDE_IN_FRAMEWORK_HEADER = YES;
				CLANG_WARN_RANGE_LOOP_ANALYSIS = YES;
				CLANG_WARN_STRICT_PROTOTYPES = YES;
				CLANG_WARN_SUSPICIOUS_MOVE = YES;
				CLANG_WARN_UNGUARDED_AVAILABILITY = YES_AGGRESSIVE;
				CLANG_WARN_UNREACHABLE_CODE = YES;
				CLANG_WARN__DUPLICATE_METHOD_MATCH = YES;
				COPY_PHASE_STRIP = NO;
				DEBUG_INFORMATION_FORMAT = "dwarf-with-dsym";
				ENABLE_NS_ASSERTIONS = NO;
				ENABLE_STRICT_OBJC_MSGSEND = YES;
				GCC_C_LANGUAGE_STANDARD = gnu11;
				GCC_NO_COMMON_BLOCKS = YES;
				GCC_WARN_64_TO_32_BIT_CONVERSION = YES;
				GCC_WARN_ABOUT_RETURN_TYPE = YES_ERROR;
				GCC_WARN_UNDECLARED_SELECTOR = YES;
				GCC_WARN_UNINITIALIZED_AUTOS = YES_AGGRESSIVE;
				GCC_WARN_UNUSED_FUNCTION = YES;
				GCC_WARN_UNUSED_VARIABLE = YES;
				MTL_ENABLE_DEBUG_INFO = NO;
				MTL_FAST_MATH = YES;
				SWIFT_COMPILATION_MODE = wholemodule;
				SWIFT_OPTIMIZATION_LEVEL = "-O";
			};
			name = Release;
		};
		B12E974C28EB64E800E569EE /* Debug */ = {
			isa = XCBuildConfiguration;
			buildSettings = {
				ASSETCATALOG_COMPILER_APPICON_NAME = AppIcon;
				ASSETCATALOG_COMPILER_GLOBAL_ACCENT_COLOR_NAME = AccentColor;
				CODE_SIGN_ENTITLEMENTS = HomebaseTakeHome/HomebaseTakeHome.entitlements;
				CODE_SIGN_STYLE = Automatic;
				CURRENT_PROJECT_VERSION = 1;
				DEVELOPMENT_ASSET_PATHS = "\"HomebaseTakeHome/Preview Content\"";
				DEVELOPMENT_TEAM = 2R93GQ2RWE;
				ENABLE_HARDENED_RUNTIME = YES;
				ENABLE_PREVIEWS = YES;
				GENERATE_INFOPLIST_FILE = YES;
				"INFOPLIST_KEY_UIApplicationSceneManifest_Generation[sdk=iphoneos*]" = YES;
				"INFOPLIST_KEY_UIApplicationSceneManifest_Generation[sdk=iphonesimulator*]" = YES;
				"INFOPLIST_KEY_UIApplicationSupportsIndirectInputEvents[sdk=iphoneos*]" = YES;
				"INFOPLIST_KEY_UIApplicationSupportsIndirectInputEvents[sdk=iphonesimulator*]" = YES;
				"INFOPLIST_KEY_UILaunchScreen_Generation[sdk=iphoneos*]" = YES;
				"INFOPLIST_KEY_UILaunchScreen_Generation[sdk=iphonesimulator*]" = YES;
				"INFOPLIST_KEY_UIStatusBarStyle[sdk=iphoneos*]" = UIStatusBarStyleDefault;
				"INFOPLIST_KEY_UIStatusBarStyle[sdk=iphonesimulator*]" = UIStatusBarStyleDefault;
				INFOPLIST_KEY_UISupportedInterfaceOrientations_iPad = "UIInterfaceOrientationPortrait UIInterfaceOrientationPortraitUpsideDown UIInterfaceOrientationLandscapeLeft UIInterfaceOrientationLandscapeRight";
				INFOPLIST_KEY_UISupportedInterfaceOrientations_iPhone = "UIInterfaceOrientationPortrait UIInterfaceOrientationLandscapeLeft UIInterfaceOrientationLandscapeRight";
				IPHONEOS_DEPLOYMENT_TARGET = 16.0;
				LD_RUNPATH_SEARCH_PATHS = "@executable_path/Frameworks";
				"LD_RUNPATH_SEARCH_PATHS[sdk=macosx*]" = "@executable_path/../Frameworks";
				MACOSX_DEPLOYMENT_TARGET = 12.3;
				MARKETING_VERSION = 1.0;
				PRODUCT_BUNDLE_IDENTIFIER = naynay.HomebaseTakeHome;
				PRODUCT_NAME = "$(TARGET_NAME)";
				SDKROOT = auto;
				SUPPORTED_PLATFORMS = "iphoneos iphonesimulator macosx";
				SWIFT_EMIT_LOC_STRINGS = YES;
				SWIFT_VERSION = 5.0;
				TARGETED_DEVICE_FAMILY = "1,2";
			};
			name = Debug;
		};
		B12E974D28EB64E800E569EE /* Release */ = {
			isa = XCBuildConfiguration;
			buildSettings = {
				ASSETCATALOG_COMPILER_APPICON_NAME = AppIcon;
				ASSETCATALOG_COMPILER_GLOBAL_ACCENT_COLOR_NAME = AccentColor;
				CODE_SIGN_ENTITLEMENTS = HomebaseTakeHome/HomebaseTakeHome.entitlements;
				CODE_SIGN_STYLE = Automatic;
				CURRENT_PROJECT_VERSION = 1;
				DEVELOPMENT_ASSET_PATHS = "\"HomebaseTakeHome/Preview Content\"";
				DEVELOPMENT_TEAM = 2R93GQ2RWE;
				ENABLE_HARDENED_RUNTIME = YES;
				ENABLE_PREVIEWS = YES;
				GENERATE_INFOPLIST_FILE = YES;
				"INFOPLIST_KEY_UIApplicationSceneManifest_Generation[sdk=iphoneos*]" = YES;
				"INFOPLIST_KEY_UIApplicationSceneManifest_Generation[sdk=iphonesimulator*]" = YES;
				"INFOPLIST_KEY_UIApplicationSupportsIndirectInputEvents[sdk=iphoneos*]" = YES;
				"INFOPLIST_KEY_UIApplicationSupportsIndirectInputEvents[sdk=iphonesimulator*]" = YES;
				"INFOPLIST_KEY_UILaunchScreen_Generation[sdk=iphoneos*]" = YES;
				"INFOPLIST_KEY_UILaunchScreen_Generation[sdk=iphonesimulator*]" = YES;
				"INFOPLIST_KEY_UIStatusBarStyle[sdk=iphoneos*]" = UIStatusBarStyleDefault;
				"INFOPLIST_KEY_UIStatusBarStyle[sdk=iphonesimulator*]" = UIStatusBarStyleDefault;
				INFOPLIST_KEY_UISupportedInterfaceOrientations_iPad = "UIInterfaceOrientationPortrait UIInterfaceOrientationPortraitUpsideDown UIInterfaceOrientationLandscapeLeft UIInterfaceOrientationLandscapeRight";
				INFOPLIST_KEY_UISupportedInterfaceOrientations_iPhone = "UIInterfaceOrientationPortrait UIInterfaceOrientationLandscapeLeft UIInterfaceOrientationLandscapeRight";
				IPHONEOS_DEPLOYMENT_TARGET = 16.0;
				LD_RUNPATH_SEARCH_PATHS = "@executable_path/Frameworks";
				"LD_RUNPATH_SEARCH_PATHS[sdk=macosx*]" = "@executable_path/../Frameworks";
				MACOSX_DEPLOYMENT_TARGET = 12.3;
				MARKETING_VERSION = 1.0;
				PRODUCT_BUNDLE_IDENTIFIER = naynay.HomebaseTakeHome;
				PRODUCT_NAME = "$(TARGET_NAME)";
				SDKROOT = auto;
				SUPPORTED_PLATFORMS = "iphoneos iphonesimulator macosx";
				SWIFT_EMIT_LOC_STRINGS = YES;
				SWIFT_VERSION = 5.0;
				TARGETED_DEVICE_FAMILY = "1,2";
			};
			name = Release;
		};
		B12E974F28EB64E800E569EE /* Debug */ = {
			isa = XCBuildConfiguration;
			buildSettings = {
				ALWAYS_EMBED_SWIFT_STANDARD_LIBRARIES = YES;
				BUNDLE_LOADER = "$(TEST_HOST)";
				CODE_SIGN_STYLE = Automatic;
				CURRENT_PROJECT_VERSION = 1;
				DEVELOPMENT_TEAM = 2R93GQ2RWE;
				GENERATE_INFOPLIST_FILE = YES;
				IPHONEOS_DEPLOYMENT_TARGET = 16.0;
				MACOSX_DEPLOYMENT_TARGET = 12.3;
				MARKETING_VERSION = 1.0;
				PRODUCT_BUNDLE_IDENTIFIER = naynay.HomebaseTakeHomeTests;
				PRODUCT_NAME = "$(TARGET_NAME)";
				SDKROOT = auto;
				SUPPORTED_PLATFORMS = "iphoneos iphonesimulator macosx";
				SWIFT_EMIT_LOC_STRINGS = NO;
				SWIFT_VERSION = 5.0;
				TARGETED_DEVICE_FAMILY = "1,2";
				TEST_HOST = "$(BUILT_PRODUCTS_DIR)/HomebaseTakeHome.app/$(BUNDLE_EXECUTABLE_FOLDER_PATH)/HomebaseTakeHome";
			};
			name = Debug;
		};
		B12E975028EB64E800E569EE /* Release */ = {
			isa = XCBuildConfiguration;
			buildSettings = {
				ALWAYS_EMBED_SWIFT_STANDARD_LIBRARIES = YES;
				BUNDLE_LOADER = "$(TEST_HOST)";
				CODE_SIGN_STYLE = Automatic;
				CURRENT_PROJECT_VERSION = 1;
				DEVELOPMENT_TEAM = 2R93GQ2RWE;
				GENERATE_INFOPLIST_FILE = YES;
				IPHONEOS_DEPLOYMENT_TARGET = 16.0;
				MACOSX_DEPLOYMENT_TARGET = 12.3;
				MARKETING_VERSION = 1.0;
				PRODUCT_BUNDLE_IDENTIFIER = naynay.HomebaseTakeHomeTests;
				PRODUCT_NAME = "$(TARGET_NAME)";
				SDKROOT = auto;
				SUPPORTED_PLATFORMS = "iphoneos iphonesimulator macosx";
				SWIFT_EMIT_LOC_STRINGS = NO;
				SWIFT_VERSION = 5.0;
				TARGETED_DEVICE_FAMILY = "1,2";
				TEST_HOST = "$(BUILT_PRODUCTS_DIR)/HomebaseTakeHome.app/$(BUNDLE_EXECUTABLE_FOLDER_PATH)/HomebaseTakeHome";
			};
			name = Release;
		};
		B12E975228EB64E800E569EE /* Debug */ = {
			isa = XCBuildConfiguration;
			buildSettings = {
				ALWAYS_EMBED_SWIFT_STANDARD_LIBRARIES = YES;
				CODE_SIGN_STYLE = Automatic;
				CURRENT_PROJECT_VERSION = 1;
				DEVELOPMENT_TEAM = 2R93GQ2RWE;
				GENERATE_INFOPLIST_FILE = YES;
				IPHONEOS_DEPLOYMENT_TARGET = 16.0;
				MACOSX_DEPLOYMENT_TARGET = 12.3;
				MARKETING_VERSION = 1.0;
				PRODUCT_BUNDLE_IDENTIFIER = naynay.HomebaseTakeHomeUITests;
				PRODUCT_NAME = "$(TARGET_NAME)";
				SDKROOT = auto;
				SUPPORTED_PLATFORMS = "iphoneos iphonesimulator macosx";
				SWIFT_EMIT_LOC_STRINGS = NO;
				SWIFT_VERSION = 5.0;
				TARGETED_DEVICE_FAMILY = "1,2";
				TEST_TARGET_NAME = HomebaseTakeHome;
			};
			name = Debug;
		};
		B12E975328EB64E800E569EE /* Release */ = {
			isa = XCBuildConfiguration;
			buildSettings = {
				ALWAYS_EMBED_SWIFT_STANDARD_LIBRARIES = YES;
				CODE_SIGN_STYLE = Automatic;
				CURRENT_PROJECT_VERSION = 1;
				DEVELOPMENT_TEAM = 2R93GQ2RWE;
				GENERATE_INFOPLIST_FILE = YES;
				IPHONEOS_DEPLOYMENT_TARGET = 16.0;
				MACOSX_DEPLOYMENT_TARGET = 12.3;
				MARKETING_VERSION = 1.0;
				PRODUCT_BUNDLE_IDENTIFIER = naynay.HomebaseTakeHomeUITests;
				PRODUCT_NAME = "$(TARGET_NAME)";
				SDKROOT = auto;
				SUPPORTED_PLATFORMS = "iphoneos iphonesimulator macosx";
				SWIFT_EMIT_LOC_STRINGS = NO;
				SWIFT_VERSION = 5.0;
				TARGETED_DEVICE_FAMILY = "1,2";
				TEST_TARGET_NAME = HomebaseTakeHome;
			};
			name = Release;
		};
/* End XCBuildConfiguration section */

/* Begin XCConfigurationList section */
		B12E972128EB64E600E569EE /* Build configuration list for PBXProject "HomebaseTakeHome" */ = {
			isa = XCConfigurationList;
			buildConfigurations = (
				B12E974928EB64E800E569EE /* Debug */,
				B12E974A28EB64E800E569EE /* Release */,
			);
			defaultConfigurationIsVisible = 0;
			defaultConfigurationName = Release;
		};
		B12E974B28EB64E800E569EE /* Build configuration list for PBXNativeTarget "HomebaseTakeHome" */ = {
			isa = XCConfigurationList;
			buildConfigurations = (
				B12E974C28EB64E800E569EE /* Debug */,
				B12E974D28EB64E800E569EE /* Release */,
			);
			defaultConfigurationIsVisible = 0;
			defaultConfigurationName = Release;
		};
		B12E974E28EB64E800E569EE /* Build configuration list for PBXNativeTarget "HomebaseTakeHomeTests" */ = {
			isa = XCConfigurationList;
			buildConfigurations = (
				B12E974F28EB64E800E569EE /* Debug */,
				B12E975028EB64E800E569EE /* Release */,
			);
			defaultConfigurationIsVisible = 0;
			defaultConfigurationName = Release;
		};
		B12E975128EB64E800E569EE /* Build configuration list for PBXNativeTarget "HomebaseTakeHomeUITests" */ = {
			isa = XCConfigurationList;
			buildConfigurations = (
				B12E975228EB64E800E569EE /* Debug */,
				B12E975328EB64E800E569EE /* Release */,
			);
			defaultConfigurationIsVisible = 0;
			defaultConfigurationName = Release;
		};
/* End XCConfigurationList section */
	};
	rootObject = B12E971E28EB64E600E569EE /* Project object */;
}
